// !$*UTF8*$!
{
	archiveVersion = 1;
	classes = {
	};
	objectVersion = 48;
	objects = {

/* Begin PBXBuildFile section */
		3A05E5702047728600FDB31C /* hollowButton.swift in Sources */ = {isa = PBXBuildFile; fileRef = 3A05E56F2047728600FDB31C /* hollowButton.swift */; };
		3A0F89B7201480FE0062B55C /* addPopups.storyboard in Resources */ = {isa = PBXBuildFile; fileRef = 3A0F89B6201480FE0062B55C /* addPopups.storyboard */; };
		3A0F89BA20148CD10062B55C /* whenEditPopupVC.swift in Sources */ = {isa = PBXBuildFile; fileRef = 3A0F89B920148CD10062B55C /* whenEditPopupVC.swift */; };
		3A0F89BC20148CE80062B55C /* whereEditPopupVC.swift in Sources */ = {isa = PBXBuildFile; fileRef = 3A0F89BB20148CE80062B55C /* whereEditPopupVC.swift */; };
		3A1290682048D44400006CD0 /* fancyButton.swift in Sources */ = {isa = PBXBuildFile; fileRef = 3A1290672048D44400006CD0 /* fancyButton.swift */; };
		3A12906A2048D57E00006CD0 /* Old.storyboard in Resources */ = {isa = PBXBuildFile; fileRef = 3A1290692048D57E00006CD0 /* Old.storyboard */; };
		3A13731220052FEB000BDD6F /* DataService.swift in Sources */ = {isa = PBXBuildFile; fileRef = 3A13731120052FEB000BDD6F /* DataService.swift */; };
		3A3DA5861FFB843B004C1143 /* RandomFunctions.swift in Sources */ = {isa = PBXBuildFile; fileRef = 3A3DA5851FFB843B004C1143 /* RandomFunctions.swift */; };
		3A5122B920351C3B00B8D9BE /* GoogleService-Info.plist in Resources */ = {isa = PBXBuildFile; fileRef = 3A5122B820351C3B00B8D9BE /* GoogleService-Info.plist */; };
		3A521436203B5AB6006232FC /* basicRewardPopupVC.swift in Sources */ = {isa = PBXBuildFile; fileRef = 3A521435203B5AB6006232FC /* basicRewardPopupVC.swift */; };
		3A521438203B621E006232FC /* intRewardsPopupVC.swift in Sources */ = {isa = PBXBuildFile; fileRef = 3A521437203B621E006232FC /* intRewardsPopupVC.swift */; };
		3A52143A203B6284006232FC /* advRewardsPopup.swift in Sources */ = {isa = PBXBuildFile; fileRef = 3A521439203B6284006232FC /* advRewardsPopup.swift */; };
		3A54591A1FFE5F6D0068E6A7 /* NewHabitVC.swift in Sources */ = {isa = PBXBuildFile; fileRef = 3A5459191FFE5F6D0068E6A7 /* NewHabitVC.swift */; };
		3A5459241FFEA1360068E6A7 /* MainScreenViewC.swift in Sources */ = {isa = PBXBuildFile; fileRef = 3A5459231FFEA1360068E6A7 /* MainScreenViewC.swift */; };
		3A7CF1092048B548009531B7 /* lineView.swift in Sources */ = {isa = PBXBuildFile; fileRef = 3A7CF1082048B548009531B7 /* lineView.swift */; };
		3A7CF10B2048BF69009531B7 /* circlePic.swift in Sources */ = {isa = PBXBuildFile; fileRef = 3A7CF10A2048BF69009531B7 /* circlePic.swift */; };
		3A918ED120395B9700490104 /* normalLabel.swift in Sources */ = {isa = PBXBuildFile; fileRef = 3A918ED020395B9700490104 /* normalLabel.swift */; };
		3A918ED520395DC500490104 /* normalView.swift in Sources */ = {isa = PBXBuildFile; fileRef = 3A918ED420395DC500490104 /* normalView.swift */; };
		3A918ED72039601800490104 /* titleView.swift in Sources */ = {isa = PBXBuildFile; fileRef = 3A918ED62039601800490104 /* titleView.swift */; };
		3A918ED92039669C00490104 /* blueButton.swift in Sources */ = {isa = PBXBuildFile; fileRef = 3A918ED82039669C00490104 /* blueButton.swift */; };
		3A918EDD20396DEA00490104 /* backgroundView.swift in Sources */ = {isa = PBXBuildFile; fileRef = 3A918EDC20396DEA00490104 /* backgroundView.swift */; };
		3A918EDF203993B000490104 /* Main.storyboard in Resources */ = {isa = PBXBuildFile; fileRef = 3A918EDE203993B000490104 /* Main.storyboard */; };
		3A9A95591FFF8A5C00502707 /* Habit.swift in Sources */ = {isa = PBXBuildFile; fileRef = 3A9A95581FFF8A5C00502707 /* Habit.swift */; };
		3A9A955D1FFF8E4F00502707 /* HabitCell.swift in Sources */ = {isa = PBXBuildFile; fileRef = 3A9A955C1FFF8E4F00502707 /* HabitCell.swift */; };
		3AA5A3AB1FFB08CE0035A16E /* AppDelegate.swift in Sources */ = {isa = PBXBuildFile; fileRef = 3AA5A3AA1FFB08CE0035A16E /* AppDelegate.swift */; };
		3AA5A3B21FFB08CE0035A16E /* Assets.xcassets in Resources */ = {isa = PBXBuildFile; fileRef = 3AA5A3B11FFB08CE0035A16E /* Assets.xcassets */; };
		3AA5A3B51FFB08CE0035A16E /* LaunchScreen.storyboard in Resources */ = {isa = PBXBuildFile; fileRef = 3AA5A3B31FFB08CE0035A16E /* LaunchScreen.storyboard */; };
		3AB14B1A206C1E1F00D071ED /* newUserVC.swift in Sources */ = {isa = PBXBuildFile; fileRef = 3AB14B19206C1E1F00D071ED /* newUserVC.swift */; };
		3AD55F5F201493E5001B9A23 /* editPopups.storyboard in Resources */ = {isa = PBXBuildFile; fileRef = 3AD55F5E201493E5001B9A23 /* editPopups.storyboard */; };
		3AD55F6120153F5F001B9A23 /* logoView.swift in Sources */ = {isa = PBXBuildFile; fileRef = 3AD55F6020153F5F001B9A23 /* logoView.swift */; };
		3ADE3D3D2014701C003A114B /* whyPopupVC.swift in Sources */ = {isa = PBXBuildFile; fileRef = 3ADE3D3C2014701C003A114B /* whyPopupVC.swift */; };
		3ADE3D3F2014794B003A114B /* whenAddPopupVC.swift in Sources */ = {isa = PBXBuildFile; fileRef = 3ADE3D3E2014794B003A114B /* whenAddPopupVC.swift */; };
		3ADE3D4120147AF9003A114B /* whereAddPopupVC.swift in Sources */ = {isa = PBXBuildFile; fileRef = 3ADE3D4020147AF9003A114B /* whereAddPopupVC.swift */; };
		3AEFBE932023EB2D00E03455 /* rewardsVC.swift in Sources */ = {isa = PBXBuildFile; fileRef = 3AEFBE922023EB2D00E03455 /* rewardsVC.swift */; };
		3AEFD884206C08520076E8BE /* D-DIN.otf in Resources */ = {isa = PBXBuildFile; fileRef = 3AEFD881206C074F0076E8BE /* D-DIN.otf */; };
		3AEFD885206C08950076E8BE /* D-DINCondensed.otf in Resources */ = {isa = PBXBuildFile; fileRef = 3AEFD87E206C074F0076E8BE /* D-DINCondensed.otf */; };
		3AEFD886206C089B0076E8BE /* D-DINExp.otf in Resources */ = {isa = PBXBuildFile; fileRef = 3AEFD880206C074F0076E8BE /* D-DINExp.otf */; };
		3AEFD887206C14E00076E8BE /* D-DIN-Bold.otf in Resources */ = {isa = PBXBuildFile; fileRef = 3AEFD87C206C074E0076E8BE /* D-DIN-Bold.otf */; };
		3AEFD888206C14E00076E8BE /* D-DIN-Italic.otf in Resources */ = {isa = PBXBuildFile; fileRef = 3AEFD87D206C074F0076E8BE /* D-DIN-Italic.otf */; };
		3AEFD889206C14E00076E8BE /* D-DINCondensed-Bold.otf in Resources */ = {isa = PBXBuildFile; fileRef = 3AEFD87F206C074F0076E8BE /* D-DINCondensed-Bold.otf */; };
		3AEFD88A206C14E00076E8BE /* D-DINExp-Bold.otf in Resources */ = {isa = PBXBuildFile; fileRef = 3AEFD882206C074F0076E8BE /* D-DINExp-Bold.otf */; };
		3AEFD88B206C14E00076E8BE /* D-DINExp-Italic.otf in Resources */ = {isa = PBXBuildFile; fileRef = 3AEFD87B206C074E0076E8BE /* D-DINExp-Italic.otf */; };
		3AEFD88F206C15C50076E8BE /* loginVC.swift in Sources */ = {isa = PBXBuildFile; fileRef = 3AEFD88E206C15C50076E8BE /* loginVC.swift */; };
		3AF47FD62007F50B00F00F42 /* User.swift in Sources */ = {isa = PBXBuildFile; fileRef = 3AF47FD52007F50B00F00F42 /* User.swift */; };
		3AF646CF2015663A002F86B8 /* fancyField.swift in Sources */ = {isa = PBXBuildFile; fileRef = 3AF646CE2015663A002F86B8 /* fancyField.swift */; };
		3AF646D320156C73002F86B8 /* fancyView.swift in Sources */ = {isa = PBXBuildFile; fileRef = 3AF646D220156C73002F86B8 /* fancyView.swift */; };
		6D8C05CEDA409F1774698B25 /* Pods_Habits.framework in Frameworks */ = {isa = PBXBuildFile; fileRef = ED90BB69D51A410BC14CA8A2 /* Pods_Habits.framework */; };
/* End PBXBuildFile section */

/* Begin PBXFileReference section */
		2123263985D85DAAB042486F /* Pods-Habits.debug.xcconfig */ = {isa = PBXFileReference; includeInIndex = 1; lastKnownFileType = text.xcconfig; name = "Pods-Habits.debug.xcconfig"; path = "Pods/Target Support Files/Pods-Habits/Pods-Habits.debug.xcconfig"; sourceTree = "<group>"; };
		3A05E56F2047728600FDB31C /* hollowButton.swift */ = {isa = PBXFileReference; lastKnownFileType = sourcecode.swift; path = hollowButton.swift; sourceTree = "<group>"; };
		3A0F89B6201480FE0062B55C /* addPopups.storyboard */ = {isa = PBXFileReference; fileEncoding = 4; lastKnownFileType = file.storyboard; path = addPopups.storyboard; sourceTree = "<group>"; };
		3A0F89B920148CD10062B55C /* whenEditPopupVC.swift */ = {isa = PBXFileReference; lastKnownFileType = sourcecode.swift; path = whenEditPopupVC.swift; sourceTree = "<group>"; };
		3A0F89BB20148CE80062B55C /* whereEditPopupVC.swift */ = {isa = PBXFileReference; lastKnownFileType = sourcecode.swift; path = whereEditPopupVC.swift; sourceTree = "<group>"; };
		3A1290672048D44400006CD0 /* fancyButton.swift */ = {isa = PBXFileReference; lastKnownFileType = sourcecode.swift; path = fancyButton.swift; sourceTree = "<group>"; };
		3A1290692048D57E00006CD0 /* Old.storyboard */ = {isa = PBXFileReference; fileEncoding = 4; lastKnownFileType = file.storyboard; path = Old.storyboard; sourceTree = "<group>"; };
		3A13731120052FEB000BDD6F /* DataService.swift */ = {isa = PBXFileReference; lastKnownFileType = sourcecode.swift; path = DataService.swift; sourceTree = "<group>"; };
		3A3DA5841FFB7537004C1143 /* Habits.entitlements */ = {isa = PBXFileReference; lastKnownFileType = text.plist.entitlements; path = Habits.entitlements; sourceTree = "<group>"; };
		3A3DA5851FFB843B004C1143 /* RandomFunctions.swift */ = {isa = PBXFileReference; lastKnownFileType = sourcecode.swift; path = RandomFunctions.swift; sourceTree = "<group>"; };
		3A5122B820351C3B00B8D9BE /* GoogleService-Info.plist */ = {isa = PBXFileReference; fileEncoding = 4; lastKnownFileType = text.plist.xml; path = "GoogleService-Info.plist"; sourceTree = "<group>"; };
		3A521435203B5AB6006232FC /* basicRewardPopupVC.swift */ = {isa = PBXFileReference; lastKnownFileType = sourcecode.swift; path = basicRewardPopupVC.swift; sourceTree = "<group>"; };
		3A521437203B621E006232FC /* intRewardsPopupVC.swift */ = {isa = PBXFileReference; lastKnownFileType = sourcecode.swift; path = intRewardsPopupVC.swift; sourceTree = "<group>"; };
		3A521439203B6284006232FC /* advRewardsPopup.swift */ = {isa = PBXFileReference; lastKnownFileType = sourcecode.swift; path = advRewardsPopup.swift; sourceTree = "<group>"; };
		3A5459191FFE5F6D0068E6A7 /* NewHabitVC.swift */ = {isa = PBXFileReference; lastKnownFileType = sourcecode.swift; path = NewHabitVC.swift; sourceTree = "<group>"; };
		3A5459231FFEA1360068E6A7 /* MainScreenViewC.swift */ = {isa = PBXFileReference; lastKnownFileType = sourcecode.swift; path = MainScreenViewC.swift; sourceTree = "<group>"; wrapsLines = 0; };
		3A7CF1082048B548009531B7 /* lineView.swift */ = {isa = PBXFileReference; lastKnownFileType = sourcecode.swift; path = lineView.swift; sourceTree = "<group>"; };
		3A7CF10A2048BF69009531B7 /* circlePic.swift */ = {isa = PBXFileReference; lastKnownFileType = sourcecode.swift; path = circlePic.swift; sourceTree = "<group>"; };
		3A918ED020395B9700490104 /* normalLabel.swift */ = {isa = PBXFileReference; lastKnownFileType = sourcecode.swift; path = normalLabel.swift; sourceTree = "<group>"; };
		3A918ED420395DC500490104 /* normalView.swift */ = {isa = PBXFileReference; lastKnownFileType = sourcecode.swift; path = normalView.swift; sourceTree = "<group>"; };
		3A918ED62039601800490104 /* titleView.swift */ = {isa = PBXFileReference; lastKnownFileType = sourcecode.swift; path = titleView.swift; sourceTree = "<group>"; };
		3A918ED82039669C00490104 /* blueButton.swift */ = {isa = PBXFileReference; lastKnownFileType = sourcecode.swift; path = blueButton.swift; sourceTree = "<group>"; };
		3A918EDC20396DEA00490104 /* backgroundView.swift */ = {isa = PBXFileReference; lastKnownFileType = sourcecode.swift; path = backgroundView.swift; sourceTree = "<group>"; };
		3A918EDE203993B000490104 /* Main.storyboard */ = {isa = PBXFileReference; fileEncoding = 4; lastKnownFileType = file.storyboard; path = Main.storyboard; sourceTree = "<group>"; };
		3A9A95581FFF8A5C00502707 /* Habit.swift */ = {isa = PBXFileReference; lastKnownFileType = sourcecode.swift; path = Habit.swift; sourceTree = "<group>"; };
		3A9A955C1FFF8E4F00502707 /* HabitCell.swift */ = {isa = PBXFileReference; lastKnownFileType = sourcecode.swift; path = HabitCell.swift; sourceTree = "<group>"; };
		3AA5A3A71FFB08CE0035A16E /* Habits.app */ = {isa = PBXFileReference; explicitFileType = wrapper.application; includeInIndex = 0; path = Habits.app; sourceTree = BUILT_PRODUCTS_DIR; };
		3AA5A3AA1FFB08CE0035A16E /* AppDelegate.swift */ = {isa = PBXFileReference; lastKnownFileType = sourcecode.swift; path = AppDelegate.swift; sourceTree = "<group>"; };
		3AA5A3B11FFB08CE0035A16E /* Assets.xcassets */ = {isa = PBXFileReference; lastKnownFileType = folder.assetcatalog; path = Assets.xcassets; sourceTree = "<group>"; };
		3AA5A3B41FFB08CE0035A16E /* Base */ = {isa = PBXFileReference; lastKnownFileType = file.storyboard; name = Base; path = Base.lproj/LaunchScreen.storyboard; sourceTree = "<group>"; };
		3AA5A3B61FFB08CE0035A16E /* Info.plist */ = {isa = PBXFileReference; lastKnownFileType = text.plist.xml; path = Info.plist; sourceTree = "<group>"; };
		3AB14B19206C1E1F00D071ED /* newUserVC.swift */ = {isa = PBXFileReference; lastKnownFileType = sourcecode.swift; path = newUserVC.swift; sourceTree = "<group>"; };
		3AD55F5E201493E5001B9A23 /* editPopups.storyboard */ = {isa = PBXFileReference; fileEncoding = 4; lastKnownFileType = file.storyboard; path = editPopups.storyboard; sourceTree = "<group>"; };
		3AD55F6020153F5F001B9A23 /* logoView.swift */ = {isa = PBXFileReference; lastKnownFileType = sourcecode.swift; path = logoView.swift; sourceTree = "<group>"; };
		3ADE3D3C2014701C003A114B /* whyPopupVC.swift */ = {isa = PBXFileReference; lastKnownFileType = sourcecode.swift; path = whyPopupVC.swift; sourceTree = "<group>"; };
		3ADE3D3E2014794B003A114B /* whenAddPopupVC.swift */ = {isa = PBXFileReference; lastKnownFileType = sourcecode.swift; path = whenAddPopupVC.swift; sourceTree = "<group>"; };
		3ADE3D4020147AF9003A114B /* whereAddPopupVC.swift */ = {isa = PBXFileReference; lastKnownFileType = sourcecode.swift; path = whereAddPopupVC.swift; sourceTree = "<group>"; };
		3AEFBE922023EB2D00E03455 /* rewardsVC.swift */ = {isa = PBXFileReference; lastKnownFileType = sourcecode.swift; path = rewardsVC.swift; sourceTree = "<group>"; };
		3AEFD87B206C074E0076E8BE /* D-DINExp-Italic.otf */ = {isa = PBXFileReference; lastKnownFileType = file; path = "D-DINExp-Italic.otf"; sourceTree = "<group>"; };
		3AEFD87C206C074E0076E8BE /* D-DIN-Bold.otf */ = {isa = PBXFileReference; lastKnownFileType = file; path = "D-DIN-Bold.otf"; sourceTree = "<group>"; };
		3AEFD87D206C074F0076E8BE /* D-DIN-Italic.otf */ = {isa = PBXFileReference; lastKnownFileType = file; path = "D-DIN-Italic.otf"; sourceTree = "<group>"; };
		3AEFD87E206C074F0076E8BE /* D-DINCondensed.otf */ = {isa = PBXFileReference; lastKnownFileType = file; path = "D-DINCondensed.otf"; sourceTree = "<group>"; };
		3AEFD87F206C074F0076E8BE /* D-DINCondensed-Bold.otf */ = {isa = PBXFileReference; lastKnownFileType = file; path = "D-DINCondensed-Bold.otf"; sourceTree = "<group>"; };
		3AEFD880206C074F0076E8BE /* D-DINExp.otf */ = {isa = PBXFileReference; lastKnownFileType = file; path = "D-DINExp.otf"; sourceTree = "<group>"; };
		3AEFD881206C074F0076E8BE /* D-DIN.otf */ = {isa = PBXFileReference; lastKnownFileType = file; path = "D-DIN.otf"; sourceTree = "<group>"; };
		3AEFD882206C074F0076E8BE /* D-DINExp-Bold.otf */ = {isa = PBXFileReference; lastKnownFileType = file; path = "D-DINExp-Bold.otf"; sourceTree = "<group>"; };
		3AEFD88E206C15C50076E8BE /* loginVC.swift */ = {isa = PBXFileReference; lastKnownFileType = sourcecode.swift; path = loginVC.swift; sourceTree = "<group>"; };
		3AF47FD52007F50B00F00F42 /* User.swift */ = {isa = PBXFileReference; lastKnownFileType = sourcecode.swift; path = User.swift; sourceTree = "<group>"; };
		3AF646CE2015663A002F86B8 /* fancyField.swift */ = {isa = PBXFileReference; lastKnownFileType = sourcecode.swift; path = fancyField.swift; sourceTree = "<group>"; };
		3AF646D220156C73002F86B8 /* fancyView.swift */ = {isa = PBXFileReference; lastKnownFileType = sourcecode.swift; path = fancyView.swift; sourceTree = "<group>"; };
		ED90BB69D51A410BC14CA8A2 /* Pods_Habits.framework */ = {isa = PBXFileReference; explicitFileType = wrapper.framework; includeInIndex = 0; path = Pods_Habits.framework; sourceTree = BUILT_PRODUCTS_DIR; };
		F225DEF61B686E99849B70AD /* Pods-Habits.release.xcconfig */ = {isa = PBXFileReference; includeInIndex = 1; lastKnownFileType = text.xcconfig; name = "Pods-Habits.release.xcconfig"; path = "Pods/Target Support Files/Pods-Habits/Pods-Habits.release.xcconfig"; sourceTree = "<group>"; };
/* End PBXFileReference section */

/* Begin PBXFrameworksBuildPhase section */
		3AA5A3A41FFB08CE0035A16E /* Frameworks */ = {
			isa = PBXFrameworksBuildPhase;
			buildActionMask = 2147483647;
			files = (
				6D8C05CEDA409F1774698B25 /* Pods_Habits.framework in Frameworks */,
			);
			runOnlyForDeploymentPostprocessing = 0;
		};
/* End PBXFrameworksBuildPhase section */

/* Begin PBXGroup section */
		3A0F89B820148C980062B55C /* editPopup Controllers */ = {
			isa = PBXGroup;
			children = (
				3A0F89B920148CD10062B55C /* whenEditPopupVC.swift */,
				3A0F89BB20148CE80062B55C /* whereEditPopupVC.swift */,
			);
			path = "editPopup Controllers";
			sourceTree = "<group>";
		};
		3A13731020052FD2000BDD6F /* Services */ = {
			isa = PBXGroup;
			children = (
				3A13731120052FEB000BDD6F /* DataService.swift */,
			);
			path = Services;
			sourceTree = "<group>";
		};
		3A568764204CDC9700E8F6F7 /* Old VC's */ = {
			isa = PBXGroup;
			children = (
			);
			path = "Old VC's";
			sourceTree = "<group>";
		};
		3AA5A39E1FFB08CE0035A16E = {
			isa = PBXGroup;
			children = (
				3AF47FD72007FE0D00F00F42 /* RandomFunctionsAndVariables */,
				3A13731020052FD2000BDD6F /* Services */,
				3AA5A3BE1FFB18750035A16E /* Model */,
				3AA5A3BD1FFB18710035A16E /* View */,
				3AA5A3BC1FFB18690035A16E /* Main Controllers */,
				3A918EDE203993B000490104 /* Main.storyboard */,
				3ADE3D3B20146FF7003A114B /* addPopup Controllers */,
				3A0F89B6201480FE0062B55C /* addPopups.storyboard */,
				3A0F89B820148C980062B55C /* editPopup Controllers */,
				3AD55F5E201493E5001B9A23 /* editPopups.storyboard */,
				3A568764204CDC9700E8F6F7 /* Old VC's */,
				3A1290692048D57E00006CD0 /* Old.storyboard */,
				3AA5A3A91FFB08CE0035A16E /* Habits */,
				3AA5A3A81FFB08CE0035A16E /* Products */,
				B34DEA8953E8C746003CC10B /* Pods */,
				F1076C6AC597B117E57D2D98 /* Frameworks */,
			);
			sourceTree = "<group>";
		};
		3AA5A3A81FFB08CE0035A16E /* Products */ = {
			isa = PBXGroup;
			children = (
				3AA5A3A71FFB08CE0035A16E /* Habits.app */,
			);
			name = Products;
			sourceTree = "<group>";
		};
		3AA5A3A91FFB08CE0035A16E /* Habits */ = {
			isa = PBXGroup;
			children = (
				3AEFD87A206C06E80076E8BE /* Fonts */,
				3A3DA5841FFB7537004C1143 /* Habits.entitlements */,
				3AA5A3AA1FFB08CE0035A16E /* AppDelegate.swift */,
				3AA5A3B11FFB08CE0035A16E /* Assets.xcassets */,
				3AA5A3B31FFB08CE0035A16E /* LaunchScreen.storyboard */,
				3AA5A3B61FFB08CE0035A16E /* Info.plist */,
				3A5122B820351C3B00B8D9BE /* GoogleService-Info.plist */,
			);
			path = Habits;
			sourceTree = "<group>";
		};
		3AA5A3BC1FFB18690035A16E /* Main Controllers */ = {
			isa = PBXGroup;
			children = (
				3AEFD88E206C15C50076E8BE /* loginVC.swift */,
				3AB14B19206C1E1F00D071ED /* newUserVC.swift */,
				3A5459231FFEA1360068E6A7 /* MainScreenViewC.swift */,
				3A5459191FFE5F6D0068E6A7 /* NewHabitVC.swift */,
				3AEFBE922023EB2D00E03455 /* rewardsVC.swift */,
			);
			path = "Main Controllers";
			sourceTree = "<group>";
		};
		3AA5A3BD1FFB18710035A16E /* View */ = {
			isa = PBXGroup;
			children = (
				3A9A955C1FFF8E4F00502707 /* HabitCell.swift */,
				3A918ED82039669C00490104 /* blueButton.swift */,
				3A05E56F2047728600FDB31C /* hollowButton.swift */,
				3A1290672048D44400006CD0 /* fancyButton.swift */,
				3A918ED020395B9700490104 /* normalLabel.swift */,
				3A7CF1082048B548009531B7 /* lineView.swift */,
				3AF646CE2015663A002F86B8 /* fancyField.swift */,
				3A918EDC20396DEA00490104 /* backgroundView.swift */,
				3AD55F6020153F5F001B9A23 /* logoView.swift */,
				3AF646D220156C73002F86B8 /* fancyView.swift */,
				3A918ED420395DC500490104 /* normalView.swift */,
				3A7CF10A2048BF69009531B7 /* circlePic.swift */,
				3A918ED62039601800490104 /* titleView.swift */,
			);
			path = View;
			sourceTree = "<group>";
		};
		3AA5A3BE1FFB18750035A16E /* Model */ = {
			isa = PBXGroup;
			children = (
				3A9A95581FFF8A5C00502707 /* Habit.swift */,
				3AF47FD52007F50B00F00F42 /* User.swift */,
			);
			path = Model;
			sourceTree = "<group>";
		};
		3ADE3D3B20146FF7003A114B /* addPopup Controllers */ = {
			isa = PBXGroup;
			children = (
				3ADE3D3C2014701C003A114B /* whyPopupVC.swift */,
				3ADE3D3E2014794B003A114B /* whenAddPopupVC.swift */,
				3ADE3D4020147AF9003A114B /* whereAddPopupVC.swift */,
				3A521435203B5AB6006232FC /* basicRewardPopupVC.swift */,
				3A521437203B621E006232FC /* intRewardsPopupVC.swift */,
				3A521439203B6284006232FC /* advRewardsPopup.swift */,
			);
			path = "addPopup Controllers";
			sourceTree = "<group>";
		};
		3AEFD87A206C06E80076E8BE /* Fonts */ = {
			isa = PBXGroup;
			children = (
				3AEFD87C206C074E0076E8BE /* D-DIN-Bold.otf */,
				3AEFD87D206C074F0076E8BE /* D-DIN-Italic.otf */,
				3AEFD881206C074F0076E8BE /* D-DIN.otf */,
				3AEFD87F206C074F0076E8BE /* D-DINCondensed-Bold.otf */,
				3AEFD87E206C074F0076E8BE /* D-DINCondensed.otf */,
				3AEFD882206C074F0076E8BE /* D-DINExp-Bold.otf */,
				3AEFD87B206C074E0076E8BE /* D-DINExp-Italic.otf */,
				3AEFD880206C074F0076E8BE /* D-DINExp.otf */,
			);
			path = Fonts;
			sourceTree = "<group>";
		};
		3AF47FD72007FE0D00F00F42 /* RandomFunctionsAndVariables */ = {
			isa = PBXGroup;
			children = (
				3A3DA5851FFB843B004C1143 /* RandomFunctions.swift */,
			);
			path = RandomFunctionsAndVariables;
			sourceTree = "<group>";
		};
		B34DEA8953E8C746003CC10B /* Pods */ = {
			isa = PBXGroup;
			children = (
				2123263985D85DAAB042486F /* Pods-Habits.debug.xcconfig */,
				F225DEF61B686E99849B70AD /* Pods-Habits.release.xcconfig */,
			);
			name = Pods;
			sourceTree = "<group>";
		};
		F1076C6AC597B117E57D2D98 /* Frameworks */ = {
			isa = PBXGroup;
			children = (
				ED90BB69D51A410BC14CA8A2 /* Pods_Habits.framework */,
			);
			name = Frameworks;
			sourceTree = "<group>";
		};
/* End PBXGroup section */

/* Begin PBXNativeTarget section */
		3AA5A3A61FFB08CE0035A16E /* Habits */ = {
			isa = PBXNativeTarget;
			buildConfigurationList = 3AA5A3B91FFB08CE0035A16E /* Build configuration list for PBXNativeTarget "Habits" */;
			buildPhases = (
				D1F8C8E4ED5F0C6A07C16E74 /* [CP] Check Pods Manifest.lock */,
				3AA5A3A31FFB08CE0035A16E /* Sources */,
				3AA5A3A41FFB08CE0035A16E /* Frameworks */,
				3AA5A3A51FFB08CE0035A16E /* Resources */,
				340472DCF918BE650887253F /* [CP] Embed Pods Frameworks */,
				C8F8C07A2D51B3BF7FD5FE51 /* [CP] Copy Pods Resources */,
			);
			buildRules = (
			);
			dependencies = (
			);
			name = Habits;
			productName = Habits;
			productReference = 3AA5A3A71FFB08CE0035A16E /* Habits.app */;
			productType = "com.apple.product-type.application";
		};
/* End PBXNativeTarget section */

/* Begin PBXProject section */
		3AA5A39F1FFB08CE0035A16E /* Project object */ = {
			isa = PBXProject;
			attributes = {
				LastSwiftUpdateCheck = 0920;
				LastUpgradeCheck = 0920;
				ORGANIZATIONNAME = "ahsan vency";
				TargetAttributes = {
					3AA5A3A61FFB08CE0035A16E = {
						CreatedOnToolsVersion = 9.2;
						ProvisioningStyle = Automatic;
						SystemCapabilities = {
							com.apple.Keychain = {
								enabled = 1;
							};
							com.apple.Push = {
								enabled = 1;
							};
						};
					};
				};
			};
			buildConfigurationList = 3AA5A3A21FFB08CE0035A16E /* Build configuration list for PBXProject "Habits" */;
			compatibilityVersion = "Xcode 8.0";
			developmentRegion = en;
			hasScannedForEncodings = 0;
			knownRegions = (
				en,
				Base,
			);
			mainGroup = 3AA5A39E1FFB08CE0035A16E;
			productRefGroup = 3AA5A3A81FFB08CE0035A16E /* Products */;
			projectDirPath = "";
			projectRoot = "";
			targets = (
				3AA5A3A61FFB08CE0035A16E /* Habits */,
			);
		};
/* End PBXProject section */

/* Begin PBXResourcesBuildPhase section */
		3AA5A3A51FFB08CE0035A16E /* Resources */ = {
			isa = PBXResourcesBuildPhase;
			buildActionMask = 2147483647;
			files = (
				3AEFD887206C14E00076E8BE /* D-DIN-Bold.otf in Resources */,
				3AEFD888206C14E00076E8BE /* D-DIN-Italic.otf in Resources */,
				3AEFD889206C14E00076E8BE /* D-DINCondensed-Bold.otf in Resources */,
				3AEFD88A206C14E00076E8BE /* D-DINExp-Bold.otf in Resources */,
				3AEFD88B206C14E00076E8BE /* D-DINExp-Italic.otf in Resources */,
				3AEFD886206C089B0076E8BE /* D-DINExp.otf in Resources */,
				3AEFD885206C08950076E8BE /* D-DINCondensed.otf in Resources */,
				3AEFD884206C08520076E8BE /* D-DIN.otf in Resources */,
				3AA5A3B51FFB08CE0035A16E /* LaunchScreen.storyboard in Resources */,
				3AA5A3B21FFB08CE0035A16E /* Assets.xcassets in Resources */,
				3A12906A2048D57E00006CD0 /* Old.storyboard in Resources */,
				3A0F89B7201480FE0062B55C /* addPopups.storyboard in Resources */,
				3A918EDF203993B000490104 /* Main.storyboard in Resources */,
				3AD55F5F201493E5001B9A23 /* editPopups.storyboard in Resources */,
				3A5122B920351C3B00B8D9BE /* GoogleService-Info.plist in Resources */,
			);
			runOnlyForDeploymentPostprocessing = 0;
		};
/* End PBXResourcesBuildPhase section */

/* Begin PBXShellScriptBuildPhase section */
		340472DCF918BE650887253F /* [CP] Embed Pods Frameworks */ = {
			isa = PBXShellScriptBuildPhase;
			buildActionMask = 2147483647;
			files = (
			);
			inputPaths = (
				"${SRCROOT}/Pods/Target Support Files/Pods-Habits/Pods-Habits-frameworks.sh",
				"${BUILT_PRODUCTS_DIR}/Bolts/Bolts.framework",
				"${BUILT_PRODUCTS_DIR}/FBSDKCoreKit/FBSDKCoreKit.framework",
				"${BUILT_PRODUCTS_DIR}/FBSDKLoginKit/FBSDKLoginKit.framework",
				"${BUILT_PRODUCTS_DIR}/FBSDKShareKit/FBSDKShareKit.framework",
				"${BUILT_PRODUCTS_DIR}/GTMSessionFetcher/GTMSessionFetcher.framework",
				"${BUILT_PRODUCTS_DIR}/GoogleToolboxForMac/GoogleToolboxForMac.framework",
				"${BUILT_PRODUCTS_DIR}/IQKeyboardManagerSwift/IQKeyboardManagerSwift.framework",
				"${BUILT_PRODUCTS_DIR}/MultiSelectSegmentedControl/MultiSelectSegmentedControl.framework",
				"${BUILT_PRODUCTS_DIR}/Protobuf/Protobuf.framework",
				"${BUILT_PRODUCTS_DIR}/SwiftKeychainWrapper/SwiftKeychainWrapper.framework",
			);
			name = "[CP] Embed Pods Frameworks";
			outputPaths = (
				"${TARGET_BUILD_DIR}/${FRAMEWORKS_FOLDER_PATH}/Bolts.framework",
				"${TARGET_BUILD_DIR}/${FRAMEWORKS_FOLDER_PATH}/FBSDKCoreKit.framework",
				"${TARGET_BUILD_DIR}/${FRAMEWORKS_FOLDER_PATH}/FBSDKLoginKit.framework",
				"${TARGET_BUILD_DIR}/${FRAMEWORKS_FOLDER_PATH}/FBSDKShareKit.framework",
				"${TARGET_BUILD_DIR}/${FRAMEWORKS_FOLDER_PATH}/GTMSessionFetcher.framework",
				"${TARGET_BUILD_DIR}/${FRAMEWORKS_FOLDER_PATH}/GoogleToolboxForMac.framework",
				"${TARGET_BUILD_DIR}/${FRAMEWORKS_FOLDER_PATH}/IQKeyboardManagerSwift.framework",
				"${TARGET_BUILD_DIR}/${FRAMEWORKS_FOLDER_PATH}/MultiSelectSegmentedControl.framework",
				"${TARGET_BUILD_DIR}/${FRAMEWORKS_FOLDER_PATH}/Protobuf.framework",
				"${TARGET_BUILD_DIR}/${FRAMEWORKS_FOLDER_PATH}/SwiftKeychainWrapper.framework",
			);
			runOnlyForDeploymentPostprocessing = 0;
			shellPath = /bin/sh;
			shellScript = "\"${SRCROOT}/Pods/Target Support Files/Pods-Habits/Pods-Habits-frameworks.sh\"\n";
			showEnvVarsInLog = 0;
		};
		C8F8C07A2D51B3BF7FD5FE51 /* [CP] Copy Pods Resources */ = {
			isa = PBXShellScriptBuildPhase;
			buildActionMask = 2147483647;
			files = (
			);
			inputPaths = (
			);
			name = "[CP] Copy Pods Resources";
			outputPaths = (
			);
			runOnlyForDeploymentPostprocessing = 0;
			shellPath = /bin/sh;
			shellScript = "\"${SRCROOT}/Pods/Target Support Files/Pods-Habits/Pods-Habits-resources.sh\"\n";
			showEnvVarsInLog = 0;
		};
		D1F8C8E4ED5F0C6A07C16E74 /* [CP] Check Pods Manifest.lock */ = {
			isa = PBXShellScriptBuildPhase;
			buildActionMask = 2147483647;
			files = (
			);
			inputPaths = (
				"${PODS_PODFILE_DIR_PATH}/Podfile.lock",
				"${PODS_ROOT}/Manifest.lock",
			);
			name = "[CP] Check Pods Manifest.lock";
			outputPaths = (
				"$(DERIVED_FILE_DIR)/Pods-Habits-checkManifestLockResult.txt",
			);
			runOnlyForDeploymentPostprocessing = 0;
			shellPath = /bin/sh;
			shellScript = "diff \"${PODS_PODFILE_DIR_PATH}/Podfile.lock\" \"${PODS_ROOT}/Manifest.lock\" > /dev/null\nif [ $? != 0 ] ; then\n    # print error to STDERR\n    echo \"error: The sandbox is not in sync with the Podfile.lock. Run 'pod install' or update your CocoaPods installation.\" >&2\n    exit 1\nfi\n# This output is used by Xcode 'outputs' to avoid re-running this script phase.\necho \"SUCCESS\" > \"${SCRIPT_OUTPUT_FILE_0}\"\n";
			showEnvVarsInLog = 0;
		};
/* End PBXShellScriptBuildPhase section */

/* Begin PBXSourcesBuildPhase section */
		3AA5A3A31FFB08CE0035A16E /* Sources */ = {
			isa = PBXSourcesBuildPhase;
			buildActionMask = 2147483647;
			files = (
				3AF47FD62007F50B00F00F42 /* User.swift in Sources */,
				3A1290682048D44400006CD0 /* fancyButton.swift in Sources */,
				3A918ED520395DC500490104 /* normalView.swift in Sources */,
				3A05E5702047728600FDB31C /* hollowButton.swift in Sources */,
				3A7CF1092048B548009531B7 /* lineView.swift in Sources */,
				3A521438203B621E006232FC /* intRewardsPopupVC.swift in Sources */,
				3A52143A203B6284006232FC /* advRewardsPopup.swift in Sources */,
				3ADE3D4120147AF9003A114B /* whereAddPopupVC.swift in Sources */,
				3A918ED92039669C00490104 /* blueButton.swift in Sources */,
				3A5459241FFEA1360068E6A7 /* MainScreenViewC.swift in Sources */,
				3A9A955D1FFF8E4F00502707 /* HabitCell.swift in Sources */,
				3A7CF10B2048BF69009531B7 /* circlePic.swift in Sources */,
				3A13731220052FEB000BDD6F /* DataService.swift in Sources */,
				3AD55F6120153F5F001B9A23 /* logoView.swift in Sources */,
				3A918ED72039601800490104 /* titleView.swift in Sources */,
				3A3DA5861FFB843B004C1143 /* RandomFunctions.swift in Sources */,
				3AB14B1A206C1E1F00D071ED /* newUserVC.swift in Sources */,
				3AA5A3AB1FFB08CE0035A16E /* AppDelegate.swift in Sources */,
				3A918EDD20396DEA00490104 /* backgroundView.swift in Sources */,
				3A0F89BC20148CE80062B55C /* whereEditPopupVC.swift in Sources */,
				3ADE3D3D2014701C003A114B /* whyPopupVC.swift in Sources */,
				3AF646CF2015663A002F86B8 /* fancyField.swift in Sources */,
				3A0F89BA20148CD10062B55C /* whenEditPopupVC.swift in Sources */,
				3AF646D320156C73002F86B8 /* fancyView.swift in Sources */,
				3ADE3D3F2014794B003A114B /* whenAddPopupVC.swift in Sources */,
				3A9A95591FFF8A5C00502707 /* Habit.swift in Sources */,
				3A54591A1FFE5F6D0068E6A7 /* NewHabitVC.swift in Sources */,
				3A521436203B5AB6006232FC /* basicRewardPopupVC.swift in Sources */,
				3AEFD88F206C15C50076E8BE /* loginVC.swift in Sources */,
				3A918ED120395B9700490104 /* normalLabel.swift in Sources */,
				3AEFBE932023EB2D00E03455 /* rewardsVC.swift in Sources */,
			);
			runOnlyForDeploymentPostprocessing = 0;
		};
/* End PBXSourcesBuildPhase section */

/* Begin PBXVariantGroup section */
		3AA5A3B31FFB08CE0035A16E /* LaunchScreen.storyboard */ = {
			isa = PBXVariantGroup;
			children = (
				3AA5A3B41FFB08CE0035A16E /* Base */,
			);
			name = LaunchScreen.storyboard;
			sourceTree = "<group>";
		};
/* End PBXVariantGroup section */

/* Begin XCBuildConfiguration section */
		3AA5A3B71FFB08CE0035A16E /* Debug */ = {
			isa = XCBuildConfiguration;
			buildSettings = {
				ALWAYS_SEARCH_USER_PATHS = NO;
				CLANG_ANALYZER_NONNULL = YES;
				CLANG_ANALYZER_NUMBER_OBJECT_CONVERSION = YES_AGGRESSIVE;
				CLANG_CXX_LANGUAGE_STANDARD = "gnu++14";
				CLANG_CXX_LIBRARY = "libc++";
				CLANG_ENABLE_MODULES = YES;
				CLANG_ENABLE_OBJC_ARC = YES;
				CLANG_WARN_BLOCK_CAPTURE_AUTORELEASING = YES;
				CLANG_WARN_BOOL_CONVERSION = YES;
				CLANG_WARN_COMMA = YES;
				CLANG_WARN_CONSTANT_CONVERSION = YES;
				CLANG_WARN_DIRECT_OBJC_ISA_USAGE = YES_ERROR;
				CLANG_WARN_DOCUMENTATION_COMMENTS = YES;
				CLANG_WARN_EMPTY_BODY = YES;
				CLANG_WARN_ENUM_CONVERSION = YES;
				CLANG_WARN_INFINITE_RECURSION = YES;
				CLANG_WARN_INT_CONVERSION = YES;
				CLANG_WARN_NON_LITERAL_NULL_CONVERSION = YES;
				CLANG_WARN_OBJC_LITERAL_CONVERSION = YES;
				CLANG_WARN_OBJC_ROOT_CLASS = YES_ERROR;
				CLANG_WARN_RANGE_LOOP_ANALYSIS = YES;
				CLANG_WARN_STRICT_PROTOTYPES = YES;
				CLANG_WARN_SUSPICIOUS_MOVE = YES;
				CLANG_WARN_UNGUARDED_AVAILABILITY = YES_AGGRESSIVE;
				CLANG_WARN_UNREACHABLE_CODE = YES;
				CLANG_WARN__DUPLICATE_METHOD_MATCH = YES;
				CODE_SIGN_IDENTITY = "iPhone Developer";
				COPY_PHASE_STRIP = NO;
				DEBUG_INFORMATION_FORMAT = dwarf;
				ENABLE_STRICT_OBJC_MSGSEND = YES;
				ENABLE_TESTABILITY = YES;
				GCC_C_LANGUAGE_STANDARD = gnu11;
				GCC_DYNAMIC_NO_PIC = NO;
				GCC_NO_COMMON_BLOCKS = YES;
				GCC_OPTIMIZATION_LEVEL = 0;
				GCC_PREPROCESSOR_DEFINITIONS = (
					"DEBUG=1",
					"$(inherited)",
				);
				GCC_WARN_64_TO_32_BIT_CONVERSION = YES;
				GCC_WARN_ABOUT_RETURN_TYPE = YES_ERROR;
				GCC_WARN_UNDECLARED_SELECTOR = YES;
				GCC_WARN_UNINITIALIZED_AUTOS = YES_AGGRESSIVE;
				GCC_WARN_UNUSED_FUNCTION = YES;
				GCC_WARN_UNUSED_VARIABLE = YES;
				IPHONEOS_DEPLOYMENT_TARGET = 11.2;
				MTL_ENABLE_DEBUG_INFO = YES;
				ONLY_ACTIVE_ARCH = YES;
				SDKROOT = iphoneos;
				SWIFT_ACTIVE_COMPILATION_CONDITIONS = DEBUG;
				SWIFT_OPTIMIZATION_LEVEL = "-Onone";
			};
			name = Debug;
		};
		3AA5A3B81FFB08CE0035A16E /* Release */ = {
			isa = XCBuildConfiguration;
			buildSettings = {
				ALWAYS_SEARCH_USER_PATHS = NO;
				CLANG_ANALYZER_NONNULL = YES;
				CLANG_ANALYZER_NUMBER_OBJECT_CONVERSION = YES_AGGRESSIVE;
				CLANG_CXX_LANGUAGE_STANDARD = "gnu++14";
				CLANG_CXX_LIBRARY = "libc++";
				CLANG_ENABLE_MODULES = YES;
				CLANG_ENABLE_OBJC_ARC = YES;
				CLANG_WARN_BLOCK_CAPTURE_AUTORELEASING = YES;
				CLANG_WARN_BOOL_CONVERSION = YES;
				CLANG_WARN_COMMA = YES;
				CLANG_WARN_CONSTANT_CONVERSION = YES;
				CLANG_WARN_DIRECT_OBJC_ISA_USAGE = YES_ERROR;
				CLANG_WARN_DOCUMENTATION_COMMENTS = YES;
				CLANG_WARN_EMPTY_BODY = YES;
				CLANG_WARN_ENUM_CONVERSION = YES;
				CLANG_WARN_INFINITE_RECURSION = YES;
				CLANG_WARN_INT_CONVERSION = YES;
				CLANG_WARN_NON_LITERAL_NULL_CONVERSION = YES;
				CLANG_WARN_OBJC_LITERAL_CONVERSION = YES;
				CLANG_WARN_OBJC_ROOT_CLASS = YES_ERROR;
				CLANG_WARN_RANGE_LOOP_ANALYSIS = YES;
				CLANG_WARN_STRICT_PROTOTYPES = YES;
				CLANG_WARN_SUSPICIOUS_MOVE = YES;
				CLANG_WARN_UNGUARDED_AVAILABILITY = YES_AGGRESSIVE;
				CLANG_WARN_UNREACHABLE_CODE = YES;
				CLANG_WARN__DUPLICATE_METHOD_MATCH = YES;
				CODE_SIGN_IDENTITY = "iPhone Developer";
				COPY_PHASE_STRIP = NO;
				DEBUG_INFORMATION_FORMAT = "dwarf-with-dsym";
				ENABLE_NS_ASSERTIONS = NO;
				ENABLE_STRICT_OBJC_MSGSEND = YES;
				GCC_C_LANGUAGE_STANDARD = gnu11;
				GCC_NO_COMMON_BLOCKS = YES;
				GCC_WARN_64_TO_32_BIT_CONVERSION = YES;
				GCC_WARN_ABOUT_RETURN_TYPE = YES_ERROR;
				GCC_WARN_UNDECLARED_SELECTOR = YES;
				GCC_WARN_UNINITIALIZED_AUTOS = YES_AGGRESSIVE;
				GCC_WARN_UNUSED_FUNCTION = YES;
				GCC_WARN_UNUSED_VARIABLE = YES;
				IPHONEOS_DEPLOYMENT_TARGET = 11.2;
				MTL_ENABLE_DEBUG_INFO = NO;
				SDKROOT = iphoneos;
				SWIFT_OPTIMIZATION_LEVEL = "-Owholemodule";
				VALIDATE_PRODUCT = YES;
			};
			name = Release;
		};
		3AA5A3BA1FFB08CE0035A16E /* Debug */ = {
			isa = XCBuildConfiguration;
			baseConfigurationReference = 2123263985D85DAAB042486F /* Pods-Habits.debug.xcconfig */;
			buildSettings = {
				ASSETCATALOG_COMPILER_APPICON_NAME = AppIcon;
				ASSETCATALOG_COMPILER_LAUNCHIMAGE_NAME = LaunchImage;
				CODE_SIGN_ENTITLEMENTS = Habits/Habits.entitlements;
				CODE_SIGN_STYLE = Automatic;
				DEVELOPMENT_TEAM = E9JME689C8;
				INFOPLIST_FILE = Habits/Info.plist;
				IPHONEOS_DEPLOYMENT_TARGET = 10.0;
				LD_RUNPATH_SEARCH_PATHS = "$(inherited) @executable_path/Frameworks";
				PRODUCT_BUNDLE_IDENTIFIER = com.ahsanvency.Habits;
				PRODUCT_NAME = "$(TARGET_NAME)";
				SWIFT_VERSION = 4.0;
				TARGETED_DEVICE_FAMILY = "1,2";
			};
			name = Debug;
		};
		3AA5A3BB1FFB08CE0035A16E /* Release */ = {
			isa = XCBuildConfiguration;
			baseConfigurationReference = F225DEF61B686E99849B70AD /* Pods-Habits.release.xcconfig */;
			buildSettings = {
				ASSETCATALOG_COMPILER_APPICON_NAME = AppIcon;
				ASSETCATALOG_COMPILER_LAUNCHIMAGE_NAME = LaunchImage;
				CODE_SIGN_ENTITLEMENTS = Habits/Habits.entitlements;
				CODE_SIGN_STYLE = Automatic;
				DEVELOPMENT_TEAM = E9JME689C8;
				INFOPLIST_FILE = Habits/Info.plist;
				IPHONEOS_DEPLOYMENT_TARGET = 10.0;
				LD_RUNPATH_SEARCH_PATHS = "$(inherited) @executable_path/Frameworks";
				PRODUCT_BUNDLE_IDENTIFIER = com.ahsanvency.Habits;
				PRODUCT_NAME = "$(TARGET_NAME)";
				SWIFT_VERSION = 4.0;
				TARGETED_DEVICE_FAMILY = "1,2";
			};
			name = Release;
		};
/* End XCBuildConfiguration section */

/* Begin XCConfigurationList section */
		3AA5A3A21FFB08CE0035A16E /* Build configuration list for PBXProject "Habits" */ = {
			isa = XCConfigurationList;
			buildConfigurations = (
				3AA5A3B71FFB08CE0035A16E /* Debug */,
				3AA5A3B81FFB08CE0035A16E /* Release */,
			);
			defaultConfigurationIsVisible = 0;
			defaultConfigurationName = Release;
		};
		3AA5A3B91FFB08CE0035A16E /* Build configuration list for PBXNativeTarget "Habits" */ = {
			isa = XCConfigurationList;
			buildConfigurations = (
				3AA5A3BA1FFB08CE0035A16E /* Debug */,
				3AA5A3BB1FFB08CE0035A16E /* Release */,
			);
			defaultConfigurationIsVisible = 0;
			defaultConfigurationName = Release;
		};
/* End XCConfigurationList section */
	};
	rootObject = 3AA5A39F1FFB08CE0035A16E /* Project object */;
}
